
Microsoft Visual Studio Solution File, Format Version 12.00
# Visual Studio Version 17
VisualStudioVersion = 17.8.34322.80
MinimumVisualStudioVersion = 10.0.40219.1
Project("{9A19103F-16F7-4668-BE54-9A1E7A4F7556}") = "Fiap.TechChallenge.Fase1.WebAPI", "Fiap.TechChallenge.Fase1.WebAPI.csproj", "{8C41F3FA-C9FE-4B24-B637-32BC376E209A}"
EndProject
Project("{2150E333-8FDC-42A3-9474-1A3956D46DE8}") = "src", "src", "{B0899FF5-553E-4C6B-B451-5D41794EDCCB}"
EndProject
Project("{2150E333-8FDC-42A3-9474-1A3956D46DE8}") = "Tests", "Tests", "{B6DBC303-74AA-43B7-A200-4F2169756EAC}"
EndProject
Project("{2150E333-8FDC-42A3-9474-1A3956D46DE8}") = "Services", "Services", "{7F3EB643-D505-462D-8BD7-95C379FDD5F0}"
EndProject
Project("{2150E333-8FDC-42A3-9474-1A3956D46DE8}") = "WebAPI", "WebAPI", "{AD0A1FAB-B4E7-4DA6-9363-1E627E45F614}"
EndProject
Project("{9A19103F-16F7-4668-BE54-9A1E7A4F7556}") = "Fiap.TechChallenge.Fase1.Aplicacao", "..\..\Services\Fiap.TechChallenge.Fase1.Aplicacao\Fiap.TechChallenge.Fase1.Aplicacao.csproj", "{2FA34E6A-4FEF-4810-9173-D7BC07D10119}"
EndProject
Project("{9A19103F-16F7-4668-BE54-9A1E7A4F7556}") = "Fiap.TechChallenge.Fase1.Data", "..\..\Services\Fiap.TechChallenge.Fase1.Data\Fiap.TechChallenge.Fase1.Data.csproj", "{A804C977-6EDC-4C69-B647-4080DDBAB4EA}"
	ProjectSection(ProjectDependencies) = postProject
		{8751490E-07DD-4A3E-A610-F0AFBF1AB3C2} = {8751490E-07DD-4A3E-A610-F0AFBF1AB3C2}
		{AB82990C-7698-43DF-8501-477D0162CEAF} = {AB82990C-7698-43DF-8501-477D0162CEAF}
		{CC240799-AF68-40A3-B337-7B1BC15FBDF2} = {CC240799-AF68-40A3-B337-7B1BC15FBDF2}
	EndProjectSection
EndProject
Project("{9A19103F-16F7-4668-BE54-9A1E7A4F7556}") = "Fiap.TechChallenge.Fase1.Dominio", "..\..\Services\Fiap.TechChallenge.Fase1.Dominio\Fiap.TechChallenge.Fase1.Dominio.csproj", "{CC240799-AF68-40A3-B337-7B1BC15FBDF2}"
	ProjectSection(ProjectDependencies) = postProject
		{8751490E-07DD-4A3E-A610-F0AFBF1AB3C2} = {8751490E-07DD-4A3E-A610-F0AFBF1AB3C2}
		{AB82990C-7698-43DF-8501-477D0162CEAF} = {AB82990C-7698-43DF-8501-477D0162CEAF}
	EndProjectSection
EndProject
Project("{9A19103F-16F7-4668-BE54-9A1E7A4F7556}") = "Fiap.TechChallenge.Fase1.Infraestructure", "..\..\Services\Fiap.TechChallenge.Fase1.Infraestructure\Fiap.TechChallenge.Fase1.Infraestructure.csproj", "{8751490E-07DD-4A3E-A610-F0AFBF1AB3C2}"
EndProject
Project("{9A19103F-16F7-4668-BE54-9A1E7A4F7556}") = "Fiap.TechChallenge.Fase1.IoC", "..\..\Services\Fiap.TechChallenge.Fase1.IoC\Fiap.TechChallenge.Fase1.IoC.csproj", "{B791F81C-5B29-4826-9619-58E6454E59EE}"
	ProjectSection(ProjectDependencies) = postProject
		{2FA34E6A-4FEF-4810-9173-D7BC07D10119} = {2FA34E6A-4FEF-4810-9173-D7BC07D10119}
	EndProjectSection
EndProject
Project("{2150E333-8FDC-42A3-9474-1A3956D46DE8}") = "Core", "Core", "{10F16659-30EC-429B-A980-AA341FE3D11B}"
EndProject
Project("{9A19103F-16F7-4668-BE54-9A1E7A4F7556}") = "Fiap.TechChallenge.Fase1.SharedKernel", "..\..\Core\Fiap.TechChallenge.Fase1.SharedKernel\Fiap.TechChallenge.Fase1.SharedKernel.csproj", "{AB82990C-7698-43DF-8501-477D0162CEAF}"
EndProject
Project("{9A19103F-16F7-4668-BE54-9A1E7A4F7556}") = "Fiap.TechChallenge.Fase1.Tests", "..\..\Tests\Fiap.TechChallenge.Fase1.Tests\Fiap.TechChallenge.Fase1.Tests.csproj", "{B9160930-A5EE-4965-B3E0-0F2542B90743}"
EndProject
Global
	GlobalSection(SolutionConfigurationPlatforms) = preSolution
		Debug|Any CPU = Debug|Any CPU
		Release|Any CPU = Release|Any CPU
	EndGlobalSection
	GlobalSection(ProjectConfigurationPlatforms) = postSolution
		{8C41F3FA-C9FE-4B24-B637-32BC376E209A}.Debug|Any CPU.ActiveCfg = Debug|Any CPU
		{8C41F3FA-C9FE-4B24-B637-32BC376E209A}.Debug|Any CPU.Build.0 = Debug|Any CPU
		{8C41F3FA-C9FE-4B24-B637-32BC376E209A}.Release|Any CPU.ActiveCfg = Release|Any CPU
		{8C41F3FA-C9FE-4B24-B637-32BC376E209A}.Release|Any CPU.Build.0 = Release|Any CPU
		{2FA34E6A-4FEF-4810-9173-D7BC07D10119}.Debug|Any CPU.ActiveCfg = Debug|Any CPU
		{2FA34E6A-4FEF-4810-9173-D7BC07D10119}.Debug|Any CPU.Build.0 = Debug|Any CPU
		{2FA34E6A-4FEF-4810-9173-D7BC07D10119}.Release|Any CPU.ActiveCfg = Release|Any CPU
		{2FA34E6A-4FEF-4810-9173-D7BC07D10119}.Release|Any CPU.Build.0 = Release|Any CPU
		{A804C977-6EDC-4C69-B647-4080DDBAB4EA}.Debug|Any CPU.ActiveCfg = Debug|Any CPU
		{A804C977-6EDC-4C69-B647-4080DDBAB4EA}.Debug|Any CPU.Build.0 = Debug|Any CPU
		{A804C977-6EDC-4C69-B647-4080DDBAB4EA}.Release|Any CPU.ActiveCfg = Release|Any CPU
		{A804C977-6EDC-4C69-B647-4080DDBAB4EA}.Release|Any CPU.Build.0 = Release|Any CPU
		{CC240799-AF68-40A3-B337-7B1BC15FBDF2}.Debug|Any CPU.ActiveCfg = Debug|Any CPU
		{CC240799-AF68-40A3-B337-7B1BC15FBDF2}.Debug|Any CPU.Build.0 = Debug|Any CPU
		{CC240799-AF68-40A3-B337-7B1BC15FBDF2}.Release|Any CPU.ActiveCfg = Release|Any CPU
		{CC240799-AF68-40A3-B337-7B1BC15FBDF2}.Release|Any CPU.Build.0 = Release|Any CPU
		{8751490E-07DD-4A3E-A610-F0AFBF1AB3C2}.Debug|Any CPU.ActiveCfg = Debug|Any CPU
		{8751490E-07DD-4A3E-A610-F0AFBF1AB3C2}.Debug|Any CPU.Build.0 = Debug|Any CPU
		{8751490E-07DD-4A3E-A610-F0AFBF1AB3C2}.Release|Any CPU.ActiveCfg = Release|Any CPU
		{8751490E-07DD-4A3E-A610-F0AFBF1AB3C2}.Release|Any CPU.Build.0 = Release|Any CPU
		{B791F81C-5B29-4826-9619-58E6454E59EE}.Debug|Any CPU.ActiveCfg = Debug|Any CPU
		{B791F81C-5B29-4826-9619-58E6454E59EE}.Debug|Any CPU.Build.0 = Debug|Any CPU
		{B791F81C-5B29-4826-9619-58E6454E59EE}.Release|Any CPU.ActiveCfg = Release|Any CPU
		{B791F81C-5B29-4826-9619-58E6454E59EE}.Release|Any CPU.Build.0 = Release|Any CPU
		{AB82990C-7698-43DF-8501-477D0162CEAF}.Debug|Any CPU.ActiveCfg = Debug|Any CPU
		{AB82990C-7698-43DF-8501-477D0162CEAF}.Debug|Any CPU.Build.0 = Debug|Any CPU
		{AB82990C-7698-43DF-8501-477D0162CEAF}.Release|Any CPU.ActiveCfg = Release|Any CPU
		{AB82990C-7698-43DF-8501-477D0162CEAF}.Release|Any CPU.Build.0 = Release|Any CPU
		{B9160930-A5EE-4965-B3E0-0F2542B90743}.Debug|Any CPU.ActiveCfg = Debug|Any CPU
		{B9160930-A5EE-4965-B3E0-0F2542B90743}.Debug|Any CPU.Build.0 = Debug|Any CPU
		{B9160930-A5EE-4965-B3E0-0F2542B90743}.Release|Any CPU.ActiveCfg = Release|Any CPU
		{B9160930-A5EE-4965-B3E0-0F2542B90743}.Release|Any CPU.Build.0 = Release|Any CPU
	EndGlobalSection
	GlobalSection(SolutionProperties) = preSolution
		HideSolutionNode = FALSE
	EndGlobalSection
	GlobalSection(NestedProjects) = preSolution
		{8C41F3FA-C9FE-4B24-B637-32BC376E209A} = {AD0A1FAB-B4E7-4DA6-9363-1E627E45F614}
		{B6DBC303-74AA-43B7-A200-4F2169756EAC} = {B0899FF5-553E-4C6B-B451-5D41794EDCCB}
		{7F3EB643-D505-462D-8BD7-95C379FDD5F0} = {B0899FF5-553E-4C6B-B451-5D41794EDCCB}
		{AD0A1FAB-B4E7-4DA6-9363-1E627E45F614} = {B0899FF5-553E-4C6B-B451-5D41794EDCCB}
		{2FA34E6A-4FEF-4810-9173-D7BC07D10119} = {7F3EB643-D505-462D-8BD7-95C379FDD5F0}
		{A804C977-6EDC-4C69-B647-4080DDBAB4EA} = {7F3EB643-D505-462D-8BD7-95C379FDD5F0}
		{CC240799-AF68-40A3-B337-7B1BC15FBDF2} = {7F3EB643-D505-462D-8BD7-95C379FDD5F0}
		{8751490E-07DD-4A3E-A610-F0AFBF1AB3C2} = {7F3EB643-D505-462D-8BD7-95C379FDD5F0}
		{B791F81C-5B29-4826-9619-58E6454E59EE} = {7F3EB643-D505-462D-8BD7-95C379FDD5F0}
		{10F16659-30EC-429B-A980-AA341FE3D11B} = {B0899FF5-553E-4C6B-B451-5D41794EDCCB}
		{AB82990C-7698-43DF-8501-477D0162CEAF} = {10F16659-30EC-429B-A980-AA341FE3D11B}
		{B9160930-A5EE-4965-B3E0-0F2542B90743} = {B6DBC303-74AA-43B7-A200-4F2169756EAC}
	EndGlobalSection
	GlobalSection(ExtensibilityGlobals) = postSolution
		SolutionGuid = {F2BC0ED8-2DC4-41E5-B2C4-5DBAE37E495A}
	EndGlobalSection
EndGlobal
